
Microsoft Visual Studio Solution File, Format Version 12.00
Project("{FAE04EC0-301F-11D3-BF4B-00C04F79EFBC}") = "tssk2", "tssk2\tssk2.csproj", "{08C43735-4230-4360-BA0C-EC61BD7FAE75}"
EndProject
Project("{FAE04EC0-301F-11D3-BF4B-00C04F79EFBC}") = "task3", "task3\task3.csproj", "{8786CDB0-063E-4CFD-9283-E45585B9A74D}"
EndProject
Project("{FAE04EC0-301F-11D3-BF4B-00C04F79EFBC}") = "task4", "task4\task4.csproj", "{0FE57F4D-31E1-44C3-BDCC-8C8A90379ED5}"
EndProject
Project("{FAE04EC0-301F-11D3-BF4B-00C04F79EFBC}") = "task5", "task5\task5.csproj", "{379A52C9-379D-4A31-AAF5-170200E19817}"
EndProject
Project("{FAE04EC0-301F-11D3-BF4B-00C04F79EFBC}") = "oop_part1_task6", "oop_part1_task6\oop_part1_task6.csproj", "{689E579F-D2AE-45DD-B2FD-61954DD43A7D}"
EndProject
Project("{FAE04EC0-301F-11D3-BF4B-00C04F79EFBC}") = "OOP_Part2", "OOP_Part2 \OOP_Part2.csproj", "{8168BEE9-821F-4DA9-B6EE-CC0F2CE8D193}"
EndProject
Global
	GlobalSection(SolutionConfigurationPlatforms) = preSolution
		Debug|Any CPU = Debug|Any CPU
		Release|Any CPU = Release|Any CPU
	EndGlobalSection
	GlobalSection(ProjectConfigurationPlatforms) = postSolution
		{08C43735-4230-4360-BA0C-EC61BD7FAE75}.Debug|Any CPU.ActiveCfg = Debug|Any CPU
		{08C43735-4230-4360-BA0C-EC61BD7FAE75}.Debug|Any CPU.Build.0 = Debug|Any CPU
		{08C43735-4230-4360-BA0C-EC61BD7FAE75}.Release|Any CPU.ActiveCfg = Release|Any CPU
		{08C43735-4230-4360-BA0C-EC61BD7FAE75}.Release|Any CPU.Build.0 = Release|Any CPU
		{8786CDB0-063E-4CFD-9283-E45585B9A74D}.Debug|Any CPU.ActiveCfg = Debug|Any CPU
		{8786CDB0-063E-4CFD-9283-E45585B9A74D}.Debug|Any CPU.Build.0 = Debug|Any CPU
		{8786CDB0-063E-4CFD-9283-E45585B9A74D}.Release|Any CPU.ActiveCfg = Release|Any CPU
		{8786CDB0-063E-4CFD-9283-E45585B9A74D}.Release|Any CPU.Build.0 = Release|Any CPU
		{0FE57F4D-31E1-44C3-BDCC-8C8A90379ED5}.Debug|Any CPU.ActiveCfg = Debug|Any CPU
		{0FE57F4D-31E1-44C3-BDCC-8C8A90379ED5}.Debug|Any CPU.Build.0 = Debug|Any CPU
		{0FE57F4D-31E1-44C3-BDCC-8C8A90379ED5}.Release|Any CPU.ActiveCfg = Release|Any CPU
		{0FE57F4D-31E1-44C3-BDCC-8C8A90379ED5}.Release|Any CPU.Build.0 = Release|Any CPU
		{379A52C9-379D-4A31-AAF5-170200E19817}.Debug|Any CPU.ActiveCfg = Debug|Any CPU
		{379A52C9-379D-4A31-AAF5-170200E19817}.Debug|Any CPU.Build.0 = Debug|Any CPU
		{379A52C9-379D-4A31-AAF5-170200E19817}.Release|Any CPU.ActiveCfg = Release|Any CPU
		{379A52C9-379D-4A31-AAF5-170200E19817}.Release|Any CPU.Build.0 = Release|Any CPU
		{689E579F-D2AE-45DD-B2FD-61954DD43A7D}.Debug|Any CPU.ActiveCfg = Debug|Any CPU
		{689E579F-D2AE-45DD-B2FD-61954DD43A7D}.Debug|Any CPU.Build.0 = Debug|Any CPU
		{689E579F-D2AE-45DD-B2FD-61954DD43A7D}.Release|Any CPU.ActiveCfg = Release|Any CPU
		{689E579F-D2AE-45DD-B2FD-61954DD43A7D}.Release|Any CPU.Build.0 = Release|Any CPU
		{8168BEE9-821F-4DA9-B6EE-CC0F2CE8D193}.Debug|Any CPU.ActiveCfg = Debug|Any CPU
		{8168BEE9-821F-4DA9-B6EE-CC0F2CE8D193}.Debug|Any CPU.Build.0 = Debug|Any CPU
		{8168BEE9-821F-4DA9-B6EE-CC0F2CE8D193}.Release|Any CPU.ActiveCfg = Release|Any CPU
		{8168BEE9-821F-4DA9-B6EE-CC0F2CE8D193}.Release|Any CPU.Build.0 = Release|Any CPU
	EndGlobalSection
EndGlobal
