
Microsoft Visual Studio Solution File, Format Version 12.00
Project("{FAE04EC0-301F-11D3-BF4B-00C04F79EFBC}") = "SparkToCode_2026_tasks", "SparkToCode_2026_tasks\SparkToCode_2026_tasks.csproj", "{36490556-9563-4142-8800-190FAD855EFE}"
EndProject
Global
	GlobalSection(SolutionConfigurationPlatforms) = preSolution
		Debug|Any CPU = Debug|Any CPU
		Release|Any CPU = Release|Any CPU
	EndGlobalSection
	GlobalSection(ProjectConfigurationPlatforms) = postSolution
		{36490556-9563-4142-8800-190FAD855EFE}.Debug|Any CPU.ActiveCfg = Debug|Any CPU
		{36490556-9563-4142-8800-190FAD855EFE}.Debug|Any CPU.Build.0 = Debug|Any CPU
		{36490556-9563-4142-8800-190FAD855EFE}.Release|Any CPU.ActiveCfg = Release|Any CPU
		{36490556-9563-4142-8800-190FAD855EFE}.Release|Any CPU.Build.0 = Release|Any CPU
	EndGlobalSection
EndGlobal
